{
  "nodes": {
    "base16-schemes": {
      "flake": false,
      "locked": {
        "lastModified": 1702718998,
        "narHash": "sha256-VTczZi1C4WSzejpTFbneMonAdarRLtDnFehVxWs6ad0=",
        "owner": "base16-project",
        "repo": "base16-schemes",
        "rev": "2b6f2d0677216ddda50c9cabd6ee70fae4665f81",
        "type": "github"
      },
      "original": {
        "owner": "base16-project",
        "repo": "base16-schemes",
        "type": "github"
      }
    },
    "clan-core": {
      "inputs": {
        "disko": "disko",
        "flake-parts": "flake-parts",
        "nixos-facter-modules": "nixos-facter-modules",
        "nixpkgs": "nixpkgs",
        "sops-nix": "sops-nix",
        "systems": "systems",
        "treefmt-nix": "treefmt-nix"
      },
      "locked": {
        "lastModified": 1743182793,
        "narHash": "sha256-CkqUFcmUuGrJh66UzaNCvZDTFWePxCX+F4BEZOxVQMw=",
        "rev": "94781bb358205f4c21ff98ab936b232c0848901d",
        "type": "tarball",
        "url": "https://git.clan.lol/api/v1/repos/clan/clan-core/archive/94781bb358205f4c21ff98ab936b232c0848901d.tar.gz"
      },
      "original": {
        "type": "tarball",
        "url": "https://git.clan.lol/clan/clan-core/archive/main.tar.gz"
      }
    },
    "disko": {
      "inputs": {
        "nixpkgs": [
          "clan-core",
          "nixpkgs"
        ]
      },
      "locked": {
        "lastModified": 1741786315,
        "narHash": "sha256-VT65AE2syHVj6v/DGB496bqBnu1PXrrzwlw07/Zpllc=",
        "owner": "nix-community",
        "repo": "disko",
        "rev": "0d8c6ad4a43906d14abd5c60e0ffe7b587b213de",
        "type": "github"
      },
      "original": {
        "owner": "nix-community",
        "repo": "disko",
        "type": "github"
      }
    },
    "fenix": {
      "inputs": {
        "nixpkgs": [
          "nixpkgs"
        ],
        "rust-analyzer-src": "rust-analyzer-src"
      },
      "locked": {
        "lastModified": 1752302273,
        "narHash": "sha256-xXZ0JkrpcpSgeuhezJZV2T+7gHcYCo39ogc55c4FyRw=",
        "owner": "nix-community",
        "repo": "fenix",
        "rev": "910743660778c55917959d64980bf046f52142ef",
        "type": "github"
      },
      "original": {
        "owner": "nix-community",
        "repo": "fenix",
        "type": "github"
      }
    },
    "flake-parts": {
      "inputs": {
        "nixpkgs-lib": [
          "clan-core",
          "nixpkgs"
        ]
      },
      "locked": {
        "lastModified": 1741352980,
        "narHash": "sha256-+u2UunDA4Cl5Fci3m7S643HzKmIDAe+fiXrLqYsR2fs=",
        "owner": "hercules-ci",
        "repo": "flake-parts",
        "rev": "f4330d22f1c5d2ba72d3d22df5597d123fdb60a9",
        "type": "github"
      },
      "original": {
        "owner": "hercules-ci",
        "repo": "flake-parts",
        "type": "github"
      }
    },
    "flake-utils": {
      "inputs": {
        "systems": "systems_2"
      },
      "locked": {
        "lastModified": 1731533236,
        "narHash": "sha256-l0KFg5HjrsfsO/JpG+r7fRrqm12kzFHyUHqHCVpMMbI=",
        "owner": "numtide",
        "repo": "flake-utils",
        "rev": "11707dc2f618dd54ca8739b309ec4fc024de578b",
        "type": "github"
      },
      "original": {
        "owner": "numtide",
        "repo": "flake-utils",
        "type": "github"
      }
    },
    "from-yaml": {
      "flake": false,
      "locked": {
        "lastModified": 1667993187,
        "narHash": "sha256-JG1XYGCmR7Jqawvs8AO4c2mrOl37BXGGgU9cfeL0b8k=",
        "owner": "pegasust",
        "repo": "fromYaml",
        "rev": "ef0ed4acfc4a6b7a0f1515cb48f5dbdda89dac3c",
        "type": "github"
      },
      "original": {
        "owner": "pegasust",
        "repo": "fromYaml",
        "type": "github"
      }
    },
    "home-manager": {
      "inputs": {
        "nixpkgs": [
          "nixpkgs"
        ]
      },
      "locked": {
        "lastModified": 1752348734,
        "narHash": "sha256-w3s5y+9Nn0oKUk6yS77YG1iRSizNStxqhEsgIlJKRtw=",
        "owner": "nix-community",
        "repo": "home-manager",
        "rev": "ea24675e4f4f4c494ccb04f6645db2a394d348ee",
        "type": "github"
      },
      "original": {
        "owner": "nix-community",
        "repo": "home-manager",
        "type": "github"
      }
    },
    "nix-vscode-extensions": {
      "inputs": {
        "flake-utils": "flake-utils",
        "nixpkgs": [
          "nixpkgs"
        ]
      },
      "locked": {
        "lastModified": 1752286423,
        "narHash": "sha256-5a4+w/P9cr5l8YOypiwNrAIOyhLYA9x9Va1mqKkvwRs=",
        "owner": "nix-community",
        "repo": "nix-vscode-extensions",
        "rev": "f942441f13f5dbd29e4bd5596b2c2ba346c4940e",
        "type": "github"
      },
      "original": {
        "owner": "nix-community",
        "repo": "nix-vscode-extensions",
        "type": "github"
      }
    },
    "nixos-facter-modules": {
      "locked": {
        "lastModified": 1738752252,
        "narHash": "sha256-/nA3tDdp/2g0FBy8966ppC2WDoyXtUWaHkZWL+N3ZKc=",
        "owner": "numtide",
        "repo": "nixos-facter-modules",
        "rev": "60f8b8f3f99667de6a493a44375e5506bf0c48b1",
        "type": "github"
      },
      "original": {
        "owner": "numtide",
        "repo": "nixos-facter-modules",
        "type": "github"
      }
    },
    "nixos-hardware": {
      "locked": {
        "lastModified": 1752048960,
        "narHash": "sha256-gATnkOe37eeVwKKYCsL+OnS2gU4MmLuZFzzWCtaKLI8=",
        "owner": "nixos",
        "repo": "nixos-hardware",
        "rev": "7ced9122cff2163c6a0212b8d1ec8c33a1660806",
        "type": "github"
      },
      "original": {
        "owner": "nixos",
        "repo": "nixos-hardware",
        "type": "github"
      }
    },
    "nixpkgs": {
      "locked": {
        "lastModified": 315532800,
        "narHash": "sha256-lx4Iek7u3VjfkaxooQP9zph53wRwKebaPc8DGPcQsoo=",
        "rev": "6c5963357f3c1c840201eda129a99d455074db04",
        "type": "tarball",
        "url": "https://releases.nixos.org/nixpkgs/nixpkgs-25.05pre774949.6c5963357f3c/nixexprs.tar.xz"
      },
      "original": {
        "type": "tarball",
        "url": "https://nixos.org/channels/nixpkgs-unstable/nixexprs.tar.xz"
      }
    },
    "root": {
      "inputs": {
        "base16-schemes": "base16-schemes",
        "clan-core": "clan-core",
        "fenix": "fenix",
        "from-yaml": "from-yaml",
        "home-manager": "home-manager",
        "nix-vscode-extensions": "nix-vscode-extensions",
        "nixos-hardware": "nixos-hardware",
        "nixpkgs": [
          "clan-core",
          "nixpkgs"
        ]
      }
    },
    "rust-analyzer-src": {
      "flake": false,
      "locked": {
        "lastModified": 1752262373,
        "narHash": "sha256-eRDeo/hVnf958ESWy8qV/jZj4ZRbFXsmMdw1cnI57dE=",
        "owner": "rust-lang",
        "repo": "rust-analyzer",
        "rev": "a489123e806ceadfdc5568bf9609b0468f5a2e6a",
        "type": "github"
      },
      "original": {
        "owner": "rust-lang",
        "ref": "nightly",
        "repo": "rust-analyzer",
        "type": "github"
      }
    },
    "sops-nix": {
      "inputs": {
        "nixpkgs": [
          "clan-core",
          "nixpkgs"
        ]
      },
      "locked": {
        "lastModified": 1742700801,
        "narHash": "sha256-ZGlpUDsuBdeZeTNgoMv+aw0ByXT2J3wkYw9kJwkAS4M=",
        "owner": "Mic92",
        "repo": "sops-nix",
        "rev": "67566fe68a8bed2a7b1175fdfb0697ed22ae8852",
        "type": "github"
      },
      "original": {
        "owner": "Mic92",
        "repo": "sops-nix",
        "type": "github"
      }
    },
    "systems": {
      "locked": {
        "lastModified": 1681028828,
        "narHash": "sha256-Vy1rq5AaRuLzOxct8nz4T6wlgyUR7zLU309k9mBC768=",
        "owner": "nix-systems",
        "repo": "default",
        "rev": "da67096a3b9bf56a91d16901293e51ba5b49a27e",
        "type": "github"
      },
      "original": {
        "owner": "nix-systems",
        "repo": "default",
        "type": "github"
      }
    },
    "systems_2": {
      "locked": {
        "lastModified": 1681028828,
        "narHash": "sha256-Vy1rq5AaRuLzOxct8nz4T6wlgyUR7zLU309k9mBC768=",
        "owner": "nix-systems",
        "repo": "default",
        "rev": "da67096a3b9bf56a91d16901293e51ba5b49a27e",
        "type": "github"
      },
      "original": {
        "owner": "nix-systems",
        "repo": "default",
        "type": "github"
      }
    },
    "treefmt-nix": {
      "inputs": {
        "nixpkgs": [
          "clan-core",
          "nixpkgs"
        ]
      },
      "locked": {
        "lastModified": 1743081648,
        "narHash": "sha256-WRAylyYptt6OX5eCEBWyTwOEqEtD6zt33rlUkr6u3cE=",
        "owner": "numtide",
        "repo": "treefmt-nix",
        "rev": "29a3d7b768c70addce17af0869f6e2bd8f5be4b7",
        "type": "github"
      },
      "original": {
        "owner": "numtide",
        "repo": "treefmt-nix",
        "type": "github"
      }
    }
  },
  "root": "root",
  "version": 7
}
